
Microsoft Visual Studio Solution File, Format Version 12.00
# Visual Studio Version 17
VisualStudioVersion = 17.0.31903.59
MinimumVisualStudioVersion = 10.0.40219.1
Project("{FAE04EC0-301F-11D3-BF4B-00C04F79EFBC}") = "WinFormsApp1", "WinFormsApp1\WinFormsApp1.csproj", "{9F8FAD3D-76EB-42CD-B6EE-12A4DD5AFC4D}"
EndProject
Global
	GlobalSection(SolutionConfigurationPlatforms) = preSolution
		Debug|Any CPU = Debug|Any CPU
		Release|Any CPU = Release|Any CPU
	EndGlobalSection
	GlobalSection(ProjectConfigurationPlatforms) = postSolution
		{9F8FAD3D-76EB-42CD-B6EE-12A4DD5AFC4D}.Debug|Any CPU.ActiveCfg = Debug|Any CPU
		{9F8FAD3D-76EB-42CD-B6EE-12A4DD5AFC4D}.Debug|Any CPU.Build.0 = Debug|Any CPU
		{9F8FAD3D-76EB-42CD-B6EE-12A4DD5AFC4D}.Release|Any CPU.ActiveCfg = Release|Any CPU
		{9F8FAD3D-76EB-42CD-B6EE-12A4DD5AFC4D}.Release|Any CPU.Build.0 = Release|Any CPU
	EndGlobalSection
	GlobalSection(SolutionProperties) = preSolution
		HideSolutionNode = FALSE
	EndGlobalSection
	GlobalSection(ExtensibilityGlobals) = postSolution
		SolutionGuid = {684DCE6E-A3B3-43A6-B499-E2E82774BD70}
	EndGlobalSection
EndGlobal
